
Microsoft Visual Studio Solution File, Format Version 12.00
# Visual Studio Version 16
VisualStudioVersion = 16.0.30621.155
MinimumVisualStudioVersion = 10.0.40219.1
Project("{9A19103F-16F7-4668-BE54-9A1E7A4F7556}") = "2.FootballBetting", "2.FootballBetting\2.FootballBetting.csproj", "{A7D47F59-2D6D-4187-92BB-066F7F3E496B}"
EndProject
Project("{FAE04EC0-301F-11D3-BF4B-00C04F79EFBC}") = "2.FootballBetting.Data", "2.FootballBetting.Data\2.FootballBetting.Data.csproj", "{5FF3C7B8-1E08-4F97-A914-FAE6090152E4}"
EndProject
Project("{FAE04EC0-301F-11D3-BF4B-00C04F79EFBC}") = "2.FootballBetting.Data.Models", "2.FootballBetting.Data.Models\2.FootballBetting.Data.Models.csproj", "{F11C4C13-8691-46FE-8222-3B62DF087437}"
EndProject
Global
	GlobalSection(SolutionConfigurationPlatforms) = preSolution
		Debug|Any CPU = Debug|Any CPU
		Release|Any CPU = Release|Any CPU
	EndGlobalSection
	GlobalSection(ProjectConfigurationPlatforms) = postSolution
		{A7D47F59-2D6D-4187-92BB-066F7F3E496B}.Debug|Any CPU.ActiveCfg = Debug|Any CPU
		{A7D47F59-2D6D-4187-92BB-066F7F3E496B}.Debug|Any CPU.Build.0 = Debug|Any CPU
		{A7D47F59-2D6D-4187-92BB-066F7F3E496B}.Release|Any CPU.ActiveCfg = Release|Any CPU
		{A7D47F59-2D6D-4187-92BB-066F7F3E496B}.Release|Any CPU.Build.0 = Release|Any CPU
		{5FF3C7B8-1E08-4F97-A914-FAE6090152E4}.Debug|Any CPU.ActiveCfg = Debug|Any CPU
		{5FF3C7B8-1E08-4F97-A914-FAE6090152E4}.Debug|Any CPU.Build.0 = Debug|Any CPU
		{5FF3C7B8-1E08-4F97-A914-FAE6090152E4}.Release|Any CPU.ActiveCfg = Release|Any CPU
		{5FF3C7B8-1E08-4F97-A914-FAE6090152E4}.Release|Any CPU.Build.0 = Release|Any CPU
		{F11C4C13-8691-46FE-8222-3B62DF087437}.Debug|Any CPU.ActiveCfg = Debug|Any CPU
		{F11C4C13-8691-46FE-8222-3B62DF087437}.Debug|Any CPU.Build.0 = Debug|Any CPU
		{F11C4C13-8691-46FE-8222-3B62DF087437}.Release|Any CPU.ActiveCfg = Release|Any CPU
		{F11C4C13-8691-46FE-8222-3B62DF087437}.Release|Any CPU.Build.0 = Release|Any CPU
	EndGlobalSection
	GlobalSection(SolutionProperties) = preSolution
		HideSolutionNode = FALSE
	EndGlobalSection
	GlobalSection(ExtensibilityGlobals) = postSolution
		SolutionGuid = {31E0C5FA-3D6A-4797-8C04-332C13DED3C8}
	EndGlobalSection
EndGlobal
