
Microsoft Visual Studio Solution File, Format Version 12.00
# Visual Studio Version 16
VisualStudioVersion = 16.0.30717.126
MinimumVisualStudioVersion = 10.0.40219.1
Project("{FAE04EC0-301F-11D3-BF4B-00C04F79EFBC}") = "BookShop", "BookShop\BookShop.csproj", "{7136C853-B22A-4170-A29A-07CBE21CA879}"
EndProject
Project("{FAE04EC0-301F-11D3-BF4B-00C04F79EFBC}") = "BookShop.Data", "BookShop.Data\BookShop.Data.csproj", "{DC56B0EF-717A-4176-B656-D1D0F9633E78}"
EndProject
Project("{FAE04EC0-301F-11D3-BF4B-00C04F79EFBC}") = "BookShop.Data.Models", "BookShop.Data.Models\BookShop.Data.Models.csproj", "{2306EB52-A76E-4145-93A9-495C96BF803B}"
EndProject
Global
	GlobalSection(SolutionConfigurationPlatforms) = preSolution
		Debug|Any CPU = Debug|Any CPU
		Release|Any CPU = Release|Any CPU
	EndGlobalSection
	GlobalSection(ProjectConfigurationPlatforms) = postSolution
		{7136C853-B22A-4170-A29A-07CBE21CA879}.Debug|Any CPU.ActiveCfg = Debug|Any CPU
		{7136C853-B22A-4170-A29A-07CBE21CA879}.Debug|Any CPU.Build.0 = Debug|Any CPU
		{7136C853-B22A-4170-A29A-07CBE21CA879}.Release|Any CPU.ActiveCfg = Release|Any CPU
		{7136C853-B22A-4170-A29A-07CBE21CA879}.Release|Any CPU.Build.0 = Release|Any CPU
		{DC56B0EF-717A-4176-B656-D1D0F9633E78}.Debug|Any CPU.ActiveCfg = Debug|Any CPU
		{DC56B0EF-717A-4176-B656-D1D0F9633E78}.Debug|Any CPU.Build.0 = Debug|Any CPU
		{DC56B0EF-717A-4176-B656-D1D0F9633E78}.Release|Any CPU.ActiveCfg = Release|Any CPU
		{DC56B0EF-717A-4176-B656-D1D0F9633E78}.Release|Any CPU.Build.0 = Release|Any CPU
		{2306EB52-A76E-4145-93A9-495C96BF803B}.Debug|Any CPU.ActiveCfg = Debug|Any CPU
		{2306EB52-A76E-4145-93A9-495C96BF803B}.Debug|Any CPU.Build.0 = Debug|Any CPU
		{2306EB52-A76E-4145-93A9-495C96BF803B}.Release|Any CPU.ActiveCfg = Release|Any CPU
		{2306EB52-A76E-4145-93A9-495C96BF803B}.Release|Any CPU.Build.0 = Release|Any CPU
	EndGlobalSection
	GlobalSection(SolutionProperties) = preSolution
		HideSolutionNode = FALSE
	EndGlobalSection
	GlobalSection(ExtensibilityGlobals) = postSolution
		SolutionGuid = {CEE1702F-FC82-4B7D-A8C2-9CF667F45BDB}
	EndGlobalSection
EndGlobal
