
Microsoft Visual Studio Solution File, Format Version 12.00
# Visual Studio Version 16
VisualStudioVersion = 16.0.30804.86
MinimumVisualStudioVersion = 10.0.40219.1
Project("{9A19103F-16F7-4668-BE54-9A1E7A4F7556}") = "RealEstates.ConsoleApplication", "RealEstates.ConsoleApplication\RealEstates.ConsoleApplication.csproj", "{D6DBFF1B-A4C2-4805-867E-D13A84CDA491}"
EndProject
Project("{9A19103F-16F7-4668-BE54-9A1E7A4F7556}") = "RealEstates.Importer", "RealEstates.Importer\RealEstates.Importer.csproj", "{2EE25F03-8B8A-47E6-A234-D166CD446C4A}"
EndProject
Project("{9A19103F-16F7-4668-BE54-9A1E7A4F7556}") = "RealEstates.Services", "RealEstates.Services\RealEstates.Services.csproj", "{1BDCFF35-B909-4360-8717-E957A2B2D282}"
EndProject
Project("{9A19103F-16F7-4668-BE54-9A1E7A4F7556}") = "RealEstates.Models", "RealEstates.Models\RealEstates.Models.csproj", "{4EE2B9F1-1658-4F05-A205-B58B398C8011}"
EndProject
Project("{9A19103F-16F7-4668-BE54-9A1E7A4F7556}") = "RealEstates.Data", "RealEstates.Data\RealEstates.Data.csproj", "{1914D9C0-1B5E-4F85-9905-944B220EC818}"
EndProject
Global
	GlobalSection(SolutionConfigurationPlatforms) = preSolution
		Debug|Any CPU = Debug|Any CPU
		Release|Any CPU = Release|Any CPU
	EndGlobalSection
	GlobalSection(ProjectConfigurationPlatforms) = postSolution
		{D6DBFF1B-A4C2-4805-867E-D13A84CDA491}.Debug|Any CPU.ActiveCfg = Debug|Any CPU
		{D6DBFF1B-A4C2-4805-867E-D13A84CDA491}.Debug|Any CPU.Build.0 = Debug|Any CPU
		{D6DBFF1B-A4C2-4805-867E-D13A84CDA491}.Release|Any CPU.ActiveCfg = Release|Any CPU
		{D6DBFF1B-A4C2-4805-867E-D13A84CDA491}.Release|Any CPU.Build.0 = Release|Any CPU
		{2EE25F03-8B8A-47E6-A234-D166CD446C4A}.Debug|Any CPU.ActiveCfg = Debug|Any CPU
		{2EE25F03-8B8A-47E6-A234-D166CD446C4A}.Debug|Any CPU.Build.0 = Debug|Any CPU
		{2EE25F03-8B8A-47E6-A234-D166CD446C4A}.Release|Any CPU.ActiveCfg = Release|Any CPU
		{2EE25F03-8B8A-47E6-A234-D166CD446C4A}.Release|Any CPU.Build.0 = Release|Any CPU
		{1BDCFF35-B909-4360-8717-E957A2B2D282}.Debug|Any CPU.ActiveCfg = Debug|Any CPU
		{1BDCFF35-B909-4360-8717-E957A2B2D282}.Debug|Any CPU.Build.0 = Debug|Any CPU
		{1BDCFF35-B909-4360-8717-E957A2B2D282}.Release|Any CPU.ActiveCfg = Release|Any CPU
		{1BDCFF35-B909-4360-8717-E957A2B2D282}.Release|Any CPU.Build.0 = Release|Any CPU
		{4EE2B9F1-1658-4F05-A205-B58B398C8011}.Debug|Any CPU.ActiveCfg = Debug|Any CPU
		{4EE2B9F1-1658-4F05-A205-B58B398C8011}.Debug|Any CPU.Build.0 = Debug|Any CPU
		{4EE2B9F1-1658-4F05-A205-B58B398C8011}.Release|Any CPU.ActiveCfg = Release|Any CPU
		{4EE2B9F1-1658-4F05-A205-B58B398C8011}.Release|Any CPU.Build.0 = Release|Any CPU
		{1914D9C0-1B5E-4F85-9905-944B220EC818}.Debug|Any CPU.ActiveCfg = Debug|Any CPU
		{1914D9C0-1B5E-4F85-9905-944B220EC818}.Debug|Any CPU.Build.0 = Debug|Any CPU
		{1914D9C0-1B5E-4F85-9905-944B220EC818}.Release|Any CPU.ActiveCfg = Release|Any CPU
		{1914D9C0-1B5E-4F85-9905-944B220EC818}.Release|Any CPU.Build.0 = Release|Any CPU
	EndGlobalSection
	GlobalSection(SolutionProperties) = preSolution
		HideSolutionNode = FALSE
	EndGlobalSection
	GlobalSection(ExtensibilityGlobals) = postSolution
		SolutionGuid = {D483CC39-D343-4E72-92F0-17334942E26D}
	EndGlobalSection
EndGlobal
