
Microsoft Visual Studio Solution File, Format Version 12.00
# Visual Studio Version 16
VisualStudioVersion = 16.0.30621.155
MinimumVisualStudioVersion = 10.0.40219.1
Project("{FAE04EC0-301F-11D3-BF4B-00C04F79EFBC}") = "MiniORM", "MiniORM\MiniORM.csproj", "{1E7258B9-43A6-4091-B56D-4B94502F088D}"
EndProject
Global
	GlobalSection(SolutionConfigurationPlatforms) = preSolution
		Debug|Any CPU = Debug|Any CPU
		Release|Any CPU = Release|Any CPU
	EndGlobalSection
	GlobalSection(ProjectConfigurationPlatforms) = postSolution
		{1E7258B9-43A6-4091-B56D-4B94502F088D}.Debug|Any CPU.ActiveCfg = Debug|Any CPU
		{1E7258B9-43A6-4091-B56D-4B94502F088D}.Debug|Any CPU.Build.0 = Debug|Any CPU
		{1E7258B9-43A6-4091-B56D-4B94502F088D}.Release|Any CPU.ActiveCfg = Release|Any CPU
		{1E7258B9-43A6-4091-B56D-4B94502F088D}.Release|Any CPU.Build.0 = Release|Any CPU
	EndGlobalSection
	GlobalSection(SolutionProperties) = preSolution
		HideSolutionNode = FALSE
	EndGlobalSection
	GlobalSection(ExtensibilityGlobals) = postSolution
		SolutionGuid = {C8AA539C-AB40-4957-9484-F5863EA1561A}
	EndGlobalSection
EndGlobal
