
Microsoft Visual Studio Solution File, Format Version 12.00
# Visual Studio Version 16
VisualStudioVersion = 16.0.30717.126
MinimumVisualStudioVersion = 10.0.40219.1
Project("{FAE04EC0-301F-11D3-BF4B-00C04F79EFBC}") = "3.SalesDatabase", "3.SalesDatabase\3.SalesDatabase.csproj", "{C574E718-EA71-4C58-9004-4054140344BA}"
EndProject
Global
	GlobalSection(SolutionConfigurationPlatforms) = preSolution
		Debug|Any CPU = Debug|Any CPU
		Release|Any CPU = Release|Any CPU
	EndGlobalSection
	GlobalSection(ProjectConfigurationPlatforms) = postSolution
		{C574E718-EA71-4C58-9004-4054140344BA}.Debug|Any CPU.ActiveCfg = Debug|Any CPU
		{C574E718-EA71-4C58-9004-4054140344BA}.Debug|Any CPU.Build.0 = Debug|Any CPU
		{C574E718-EA71-4C58-9004-4054140344BA}.Release|Any CPU.ActiveCfg = Release|Any CPU
		{C574E718-EA71-4C58-9004-4054140344BA}.Release|Any CPU.Build.0 = Release|Any CPU
	EndGlobalSection
	GlobalSection(SolutionProperties) = preSolution
		HideSolutionNode = FALSE
	EndGlobalSection
	GlobalSection(ExtensibilityGlobals) = postSolution
		SolutionGuid = {47772AE7-F2BE-468F-81F9-37B2B3A915DA}
	EndGlobalSection
EndGlobal
